{
  "name": "@rilavo/next",
  "version": "0.1.0",
  "lockfileVersion": 3,
  "requires": true,
  "packages": {
    "": {
      "name": "@rilavo/next",
      "version": "0.1.0",
      "license": "Apache-2.0",
      "dependencies": {
        "@opentelemetry/api": "^1.4.0",
        "@opentelemetry/exporter-prometheus": "^0.40.0",
        "@opentelemetry/instrumentation": "^0.42.0",
        "@opentelemetry/instrumentation-http": "^0.42.0",
        "@opentelemetry/resources": "^1.13.0",
        "@opentelemetry/sdk-metrics": "^1.13.0",
        "@opentelemetry/sdk-trace-node": "^1.13.0",
        "@rilavo/sdk": "file:../rilavo-ts"
      },
      "devDependencies": {
        "@types/node": "^26.3.0",
        "typescript": "^7.0.2"
      },
      "peerDependencies": {
        "next": ">=13.0.0"
      }
    },
    "../rilavo-ts": {
      "name": "@rilavo/sdk",
      "version": "0.1.0",
      "license": "Apache-2.0",
      "dependencies": {
        "@opentelemetry/api": "^1.9.0",
        "@opentelemetry/exporter-metrics-otlp-grpc": "^0.52.1",
        "@opentelemetry/exporter-prometheus": "^0.54.0",
        "@opentelemetry/exporter-trace-otlp-grpc": "^0.52.1",
        "@opentelemetry/instrumentation": "^0.52.1",
        "@opentelemetry/instrumentation-http": "^0.52.1",
        "@opentelemetry/resources": "^1.23.0",
        "@opentelemetry/sdk-metrics": "^1.23.0",
        "@opentelemetry/sdk-node": "^0.52.1",
        "@opentelemetry/sdk-trace-node": "^1.23.0",
        "@opentelemetry/semantic-conventions": "^1.23.0",
        "@redis/client": "^1.6.0",
        "ioredis": "^6.0.0"
      },
      "devDependencies": {
        "@types/ioredis": "^4.28.10",
        "typescript": "^7.0.2"
      }
    },
    "node_modules/@img/colour": {
      "version": "1.1.0",
      "license": "MIT",
      "optional": true,
      "peer": true,
      "engines": {
        "node": ">=18"
      }
    },
    "node_modules/@img/sharp-libvips-linux-x64": {
      "version": "1.3.2",
      "cpu": [
        "x64"
      ],
      "license": "LGPL-3.0-or-later",
      "optional": true,
      "os": [
        "linux"
      ],
      "peer": true,
      "funding": {
        "url": "https://opencollective.com/libvips"
      }
    },
    "node_modules/@img/sharp-libvips-linuxmusl-x64": {
      "version": "1.3.2",
      "cpu": [
        "x64"
      ],
      "license": "LGPL-3.0-or-later",
      "optional": true,
      "os": [
        "linux"
      ],
      "peer": true,
      "funding": {
        "url": "https://opencollective.com/libvips"
      }
    },
    "node_modules/@img/sharp-linux-x64": {
      "version": "0.35.3",
      "cpu": [
        "x64"
      ],
      "license": "Apache-2.0",
      "optional": true,
      "os": [
        "linux"
      ],
      "peer": true,
      "engines": {
        "node": ">=20.9.0"
      },
      "funding": {
        "url": "https://opencollective.com/libvips"
      },
      "optionalDependencies": {
        "@img/sharp-libvips-linux-x64": "1.3.2"
      }
    },
    "node_modules/@img/sharp-linuxmusl-x64": {
      "version": "0.35.3",
      "cpu": [
        "x64"
      ],
      "license": "Apache-2.0",
      "optional": true,
      "os": [
        "linux"
      ],
      "peer": true,
      "engines": {
        "node": ">=20.9.0"
      },
      "funding": {
        "url": "https://opencollective.com/libvips"
      },
      "optionalDependencies": {
        "@img/sharp-libvips-linuxmusl-x64": "1.3.2"
      }
    },
    "node_modules/@next/env": {
      "version": "16.3.2",
      "license": "MIT",
      "peer": true
    },
    "node_modules/@next/swc-linux-x64-gnu": {
      "version": "16.3.2",
      "cpu": [
        "x64"
      ],
      "license": "MIT",
      "optional": true,
      "os": [
        "linux"
      ],
      "peer": true,
      "engines": {
        "node": ">= 10"
      }
    },
    "node_modules/@next/swc-linux-x64-musl": {
      "version": "16.3.2",
      "cpu": [
        "x64"
      ],
      "license": "MIT",
      "optional": true,
      "os": [
        "linux"
      ],
      "peer": true,
      "engines": {
        "node": ">= 10"
      }
    },
    "node_modules/@opentelemetry/api": {
      "version": "1.4.1",
      "resolved": "https://registry.npmjs.org/@opentelemetry/api/-/api-1.4.1.tgz",
      "integrity": "sha512-O2yRJce1GOc6PAy3QxFM4NzFiWzvScDC1/5ihYBL6BUEVdq0XMWN01sppE+H6bBXbaFYipjwFLEWLg5PaSOThA==",
      "license": "Apache-2.0",
      "engines": {
        "node": ">=8.0.0"
      }
    },
    "node_modules/@opentelemetry/context-async-hooks": {
      "version": "1.30.1",
      "resolved": "https://registry.npmjs.org/@opentelemetry/context-async-hooks/-/context-async-hooks-1.30.1.tgz",
      "integrity": "sha512-s5vvxXPVdjqS3kTLKMeBMvop9hbWkwzBpu+mUO2M7sZtlkyDJGwFe33wRKnbaYDo8ExRVBIIdwIGrqpxHuKttA==",
      "license": "Apache-2.0",
      "engines": {
        "node": ">=14"
      },
      "peerDependencies": {
        "@opentelemetry/api": ">=1.0.0 <1.10.0"
      }
    },
    "node_modules/@opentelemetry/core": {
      "version": "1.14.0",
      "resolved": "https://registry.npmjs.org/@opentelemetry/core/-/core-1.14.0.tgz",
      "integrity": "sha512-MnMZ+sxsnlzloeuXL2nm5QcNczt/iO82UOeQQDHhV83F2fP3sgntW2evvtoxJki0MBLxEsh5ADD7PR/Hn5uzjw==",
      "license": "Apache-2.0",
      "dependencies": {
        "@opentelemetry/semantic-conventions": "1.14.0"
      },
      "engines": {
        "node": ">=14"
      },
      "peerDependencies": {
        "@opentelemetry/api": ">=1.0.0 <1.5.0"
      }
    },
    "node_modules/@opentelemetry/exporter-prometheus": {
      "version": "0.40.0",
      "resolved": "https://registry.npmjs.org/@opentelemetry/exporter-prometheus/-/exporter-prometheus-0.40.0.tgz",
      "integrity": "sha512-doiaj7T2NTrSfN/Lbyds8ULjZ9J1PWZHoCy48inMtQ6qdA5WPtwxlL0DLG4v1Ztsdd6Q3mi6/KRlG8uPFMhzdA==",
      "license": "Apache-2.0",
      "dependencies": {
        "@opentelemetry/core": "1.14.0",
        "@opentelemetry/resources": "1.14.0",
        "@opentelemetry/sdk-metrics": "1.14.0"
      },
      "engines": {
        "node": ">=14"
      },
      "peerDependencies": {
        "@opentelemetry/api": "^1.3.0"
      }
    },
    "node_modules/@opentelemetry/exporter-prometheus/node_modules/@opentelemetry/resources": {
      "version": "1.14.0",
      "resolved": "https://registry.npmjs.org/@opentelemetry/resources/-/resources-1.14.0.tgz",
      "integrity": "sha512-qRfWIgBxxl3z47E036Aey0Lj2ZjlFb27Q7Xnj1y1z/P293RXJZGLtcfn/w8JF7v1Q2hs3SDGxz7Wb9Dko1YUQA==",
      "license": "Apache-2.0",
      "dependencies": {
        "@opentelemetry/core": "1.14.0",
        "@opentelemetry/semantic-conventions": "1.14.0"
      },
      "engines": {
        "node": ">=14"
      },
      "peerDependencies": {
        "@opentelemetry/api": ">=1.0.0 <1.5.0"
      }
    },
    "node_modules/@opentelemetry/exporter-prometheus/node_modules/@opentelemetry/sdk-metrics": {
      "version": "1.14.0",
      "resolved": "https://registry.npmjs.org/@opentelemetry/sdk-metrics/-/sdk-metrics-1.14.0.tgz",
      "integrity": "sha512-F0JXmLqT4LmsaiaE28fl0qMtc5w0YuMWTHt1hnANTNX8hxW4IKSv9+wrYG7BZd61HEbPm032Re7fXyzzNA6nIw==",
      "license": "Apache-2.0",
      "dependencies": {
        "@opentelemetry/core": "1.14.0",
        "@opentelemetry/resources": "1.14.0",
        "lodash.merge": "4.6.2"
      },
      "engines": {
        "node": ">=14"
      },
      "peerDependencies": {
        "@opentelemetry/api": ">=1.3.0 <1.5.0"
      }
    },
    "node_modules/@opentelemetry/instrumentation": {
      "version": "0.42.0",
      "resolved": "https://registry.npmjs.org/@opentelemetry/instrumentation/-/instrumentation-0.42.0.tgz",
      "integrity": "sha512-GurYTghhmz/JlV2jGzGQbZLWBmzsjWKVOunZnoy1fzYtZ3mHBAmEFWXwQyAi6lQwnWsEq6u/xacGY60qH2onnw==",
      "license": "Apache-2.0",
      "dependencies": {
        "@types/shimmer": "^1.0.2",
        "import-in-the-middle": "1.4.2",
        "require-in-the-middle": "^7.1.1",
        "semver": "^7.5.2",
        "shimmer": "^1.2.1"
      },
      "engines": {
        "node": ">=14"
      },
      "peerDependencies": {
        "@opentelemetry/api": "^1.3.0"
      }
    },
    "node_modules/@opentelemetry/instrumentation-http": {
      "version": "0.42.0",
      "resolved": "https://registry.npmjs.org/@opentelemetry/instrumentation-http/-/instrumentation-http-0.42.0.tgz",
      "integrity": "sha512-UvNSXcGJCWJdppdQoC39FF96SHWubYojSD27KYhsq914O8l5F5S1MltUtk/fPR9QV0ZoDBrvFPOYOSCUeJvUBA==",
      "license": "Apache-2.0",
      "dependencies": {
        "@opentelemetry/core": "1.16.0",
        "@opentelemetry/instrumentation": "0.42.0",
        "@opentelemetry/semantic-conventions": "1.16.0",
        "semver": "^7.5.2"
      },
      "engines": {
        "node": ">=14"
      },
      "peerDependencies": {
        "@opentelemetry/api": "^1.3.0"
      }
    },
    "node_modules/@opentelemetry/instrumentation-http/node_modules/@opentelemetry/core": {
      "version": "1.16.0",
      "resolved": "https://registry.npmjs.org/@opentelemetry/core/-/core-1.16.0.tgz",
      "integrity": "sha512-JMxz7kzAqmIDUDEpoRrumHk257vrA9ZGVdHLB829gu6i/ryKlnjXIzJk86pgjhmxjLMX43BY6J0nbzOhy0QGtw==",
      "license": "Apache-2.0",
      "dependencies": {
        "@opentelemetry/semantic-conventions": "1.16.0"
      },
      "engines": {
        "node": ">=14"
      },
      "peerDependencies": {
        "@opentelemetry/api": ">=1.0.0 <1.6.0"
      }
    },
    "node_modules/@opentelemetry/instrumentation-http/node_modules/@opentelemetry/semantic-conventions": {
      "version": "1.16.0",
      "resolved": "https://registry.npmjs.org/@opentelemetry/semantic-conventions/-/semantic-conventions-1.16.0.tgz",
      "integrity": "sha512-jpbpOY0ahD/uTF16h4/NkFatwlulCpkvecK8zVJgHRfjK/ymJAw1Cg45KXiVSJML8uiMmRBciea/+gebrD398g==",
      "license": "Apache-2.0",
      "engines": {
        "node": ">=14"
      }
    },
    "node_modules/@opentelemetry/propagator-b3": {
      "version": "1.30.1",
      "resolved": "https://registry.npmjs.org/@opentelemetry/propagator-b3/-/propagator-b3-1.30.1.tgz",
      "integrity": "sha512-oATwWWDIJzybAZ4pO76ATN5N6FFbOA1otibAVlS8v90B4S1wClnhRUk7K+2CHAwN1JKYuj4jh/lpCEG5BAqFuQ==",
      "license": "Apache-2.0",
      "dependencies": {
        "@opentelemetry/core": "1.30.1"
      },
      "engines": {
        "node": ">=14"
      },
      "peerDependencies": {
        "@opentelemetry/api": ">=1.0.0 <1.10.0"
      }
    },
    "node_modules/@opentelemetry/propagator-b3/node_modules/@opentelemetry/core": {
      "version": "1.30.1",
      "resolved": "https://registry.npmjs.org/@opentelemetry/core/-/core-1.30.1.tgz",
      "integrity": "sha512-OOCM2C/QIURhJMuKaekP3TRBxBKxG/TWWA0TL2J6nXUtDnuCtccy49LUJF8xPFXMX+0LMcxFpCo8M9cGY1W6rQ==",
      "license": "Apache-2.0",
      "dependencies": {
        "@opentelemetry/semantic-conventions": "1.28.0"
      },
      "engines": {
        "node": ">=14"
      },
      "peerDependencies": {
        "@opentelemetry/api": ">=1.0.0 <1.10.0"
      }
    },
    "node_modules/@opentelemetry/propagator-b3/node_modules/@opentelemetry/semantic-conventions": {
      "version": "1.28.0",
      "resolved": "https://registry.npmjs.org/@opentelemetry/semantic-conventions/-/semantic-conventions-1.28.0.tgz",
      "integrity": "sha512-lp4qAiMTD4sNWW4DbKLBkfiMZ4jbAboJIGOQr5DvciMRI494OapieI9qiODpOt0XBr1LjIDy1xAGAnVs5supTA==",
      "license": "Apache-2.0",
      "engines": {
        "node": ">=14"
      }
    },
    "node_modules/@opentelemetry/propagator-jaeger": {
      "version": "1.30.1",
      "resolved": "https://registry.npmjs.org/@opentelemetry/propagator-jaeger/-/propagator-jaeger-1.30.1.tgz",
      "integrity": "sha512-Pj/BfnYEKIOImirH76M4hDaBSx6HyZ2CXUqk+Kj02m6BB80c/yo4BdWkn/1gDFfU+YPY+bPR2U0DKBfdxCKwmg==",
      "license": "Apache-2.0",
      "dependencies": {
        "@opentelemetry/core": "1.30.1"
      },
      "engines": {
        "node": ">=14"
      },
      "peerDependencies": {
        "@opentelemetry/api": ">=1.0.0 <1.10.0"
      }
    },
    "node_modules/@opentelemetry/propagator-jaeger/node_modules/@opentelemetry/core": {
      "version": "1.30.1",
      "resolved": "https://registry.npmjs.org/@opentelemetry/core/-/core-1.30.1.tgz",
      "integrity": "sha512-OOCM2C/QIURhJMuKaekP3TRBxBKxG/TWWA0TL2J6nXUtDnuCtccy49LUJF8xPFXMX+0LMcxFpCo8M9cGY1W6rQ==",
      "license": "Apache-2.0",
      "dependencies": {
        "@opentelemetry/semantic-conventions": "1.28.0"
      },
      "engines": {
        "node": ">=14"
      },
      "peerDependencies": {
        "@opentelemetry/api": ">=1.0.0 <1.10.0"
      }
    },
    "node_modules/@opentelemetry/propagator-jaeger/node_modules/@opentelemetry/semantic-conventions": {
      "version": "1.28.0",
      "resolved": "https://registry.npmjs.org/@opentelemetry/semantic-conventions/-/semantic-conventions-1.28.0.tgz",
      "integrity": "sha512-lp4qAiMTD4sNWW4DbKLBkfiMZ4jbAboJIGOQr5DvciMRI494OapieI9qiODpOt0XBr1LjIDy1xAGAnVs5supTA==",
      "license": "Apache-2.0",
      "engines": {
        "node": ">=14"
      }
    },
    "node_modules/@opentelemetry/resources": {
      "version": "1.30.1",
      "resolved": "https://registry.npmjs.org/@opentelemetry/resources/-/resources-1.30.1.tgz",
      "integrity": "sha512-5UxZqiAgLYGFjS4s9qm5mBVo433u+dSPUFWVWXmLAD4wB65oMCoXaJP1KJa9DIYYMeHu3z4BZcStG3LC593cWA==",
      "license": "Apache-2.0",
      "dependencies": {
        "@opentelemetry/core": "1.30.1",
        "@opentelemetry/semantic-conventions": "1.28.0"
      },
      "engines": {
        "node": ">=14"
      },
      "peerDependencies": {
        "@opentelemetry/api": ">=1.0.0 <1.10.0"
      }
    },
    "node_modules/@opentelemetry/resources/node_modules/@opentelemetry/core": {
      "version": "1.30.1",
      "resolved": "https://registry.npmjs.org/@opentelemetry/core/-/core-1.30.1.tgz",
      "integrity": "sha512-OOCM2C/QIURhJMuKaekP3TRBxBKxG/TWWA0TL2J6nXUtDnuCtccy49LUJF8xPFXMX+0LMcxFpCo8M9cGY1W6rQ==",
      "license": "Apache-2.0",
      "dependencies": {
        "@opentelemetry/semantic-conventions": "1.28.0"
      },
      "engines": {
        "node": ">=14"
      },
      "peerDependencies": {
        "@opentelemetry/api": ">=1.0.0 <1.10.0"
      }
    },
    "node_modules/@opentelemetry/resources/node_modules/@opentelemetry/semantic-conventions": {
      "version": "1.28.0",
      "resolved": "https://registry.npmjs.org/@opentelemetry/semantic-conventions/-/semantic-conventions-1.28.0.tgz",
      "integrity": "sha512-lp4qAiMTD4sNWW4DbKLBkfiMZ4jbAboJIGOQr5DvciMRI494OapieI9qiODpOt0XBr1LjIDy1xAGAnVs5supTA==",
      "license": "Apache-2.0",
      "engines": {
        "node": ">=14"
      }
    },
    "node_modules/@opentelemetry/sdk-metrics": {
      "version": "1.30.1",
      "resolved": "https://registry.npmjs.org/@opentelemetry/sdk-metrics/-/sdk-metrics-1.30.1.tgz",
      "integrity": "sha512-q9zcZ0Okl8jRgmy7eNW3Ku1XSgg3sDLa5evHZpCwjspw7E8Is4K/haRPDJrBcX3YSn/Y7gUvFnByNYEKQNbNog==",
      "license": "Apache-2.0",
      "dependencies": {
        "@opentelemetry/core": "1.30.1",
        "@opentelemetry/resources": "1.30.1"
      },
      "engines": {
        "node": ">=14"
      },
      "peerDependencies": {
        "@opentelemetry/api": ">=1.3.0 <1.10.0"
      }
    },
    "node_modules/@opentelemetry/sdk-metrics/node_modules/@opentelemetry/core": {
      "version": "1.30.1",
      "resolved": "https://registry.npmjs.org/@opentelemetry/core/-/core-1.30.1.tgz",
      "integrity": "sha512-OOCM2C/QIURhJMuKaekP3TRBxBKxG/TWWA0TL2J6nXUtDnuCtccy49LUJF8xPFXMX+0LMcxFpCo8M9cGY1W6rQ==",
      "license": "Apache-2.0",
      "dependencies": {
        "@opentelemetry/semantic-conventions": "1.28.0"
      },
      "engines": {
        "node": ">=14"
      },
      "peerDependencies": {
        "@opentelemetry/api": ">=1.0.0 <1.10.0"
      }
    },
    "node_modules/@opentelemetry/sdk-metrics/node_modules/@opentelemetry/semantic-conventions": {
      "version": "1.28.0",
      "resolved": "https://registry.npmjs.org/@opentelemetry/semantic-conventions/-/semantic-conventions-1.28.0.tgz",
      "integrity": "sha512-lp4qAiMTD4sNWW4DbKLBkfiMZ4jbAboJIGOQr5DvciMRI494OapieI9qiODpOt0XBr1LjIDy1xAGAnVs5supTA==",
      "license": "Apache-2.0",
      "engines": {
        "node": ">=14"
      }
    },
    "node_modules/@opentelemetry/sdk-trace-base": {
      "version": "1.30.1",
      "resolved": "https://registry.npmjs.org/@opentelemetry/sdk-trace-base/-/sdk-trace-base-1.30.1.tgz",
      "integrity": "sha512-jVPgBbH1gCy2Lb7X0AVQ8XAfgg0pJ4nvl8/IiQA6nxOsPvS+0zMJaFSs2ltXe0J6C8dqjcnpyqINDJmU30+uOg==",
      "license": "Apache-2.0",
      "dependencies": {
        "@opentelemetry/core": "1.30.1",
        "@opentelemetry/resources": "1.30.1",
        "@opentelemetry/semantic-conventions": "1.28.0"
      },
      "engines": {
        "node": ">=14"
      },
      "peerDependencies": {
        "@opentelemetry/api": ">=1.0.0 <1.10.0"
      }
    },
    "node_modules/@opentelemetry/sdk-trace-base/node_modules/@opentelemetry/core": {
      "version": "1.30.1",
      "resolved": "https://registry.npmjs.org/@opentelemetry/core/-/core-1.30.1.tgz",
      "integrity": "sha512-OOCM2C/QIURhJMuKaekP3TRBxBKxG/TWWA0TL2J6nXUtDnuCtccy49LUJF8xPFXMX+0LMcxFpCo8M9cGY1W6rQ==",
      "license": "Apache-2.0",
      "dependencies": {
        "@opentelemetry/semantic-conventions": "1.28.0"
      },
      "engines": {
        "node": ">=14"
      },
      "peerDependencies": {
        "@opentelemetry/api": ">=1.0.0 <1.10.0"
      }
    },
    "node_modules/@opentelemetry/sdk-trace-base/node_modules/@opentelemetry/semantic-conventions": {
      "version": "1.28.0",
      "resolved": "https://registry.npmjs.org/@opentelemetry/semantic-conventions/-/semantic-conventions-1.28.0.tgz",
      "integrity": "sha512-lp4qAiMTD4sNWW4DbKLBkfiMZ4jbAboJIGOQr5DvciMRI494OapieI9qiODpOt0XBr1LjIDy1xAGAnVs5supTA==",
      "license": "Apache-2.0",
      "engines": {
        "node": ">=14"
      }
    },
    "node_modules/@opentelemetry/sdk-trace-node": {
      "version": "1.30.1",
      "resolved": "https://registry.npmjs.org/@opentelemetry/sdk-trace-node/-/sdk-trace-node-1.30.1.tgz",
      "integrity": "sha512-cBjYOINt1JxXdpw1e5MlHmFRc5fgj4GW/86vsKFxJCJ8AL4PdVtYH41gWwl4qd4uQjqEL1oJVrXkSy5cnduAnQ==",
      "license": "Apache-2.0",
      "dependencies": {
        "@opentelemetry/context-async-hooks": "1.30.1",
        "@opentelemetry/core": "1.30.1",
        "@opentelemetry/propagator-b3": "1.30.1",
        "@opentelemetry/propagator-jaeger": "1.30.1",
        "@opentelemetry/sdk-trace-base": "1.30.1",
        "semver": "^7.5.2"
      },
      "engines": {
        "node": ">=14"
      },
      "peerDependencies": {
        "@opentelemetry/api": ">=1.0.0 <1.10.0"
      }
    },
    "node_modules/@opentelemetry/sdk-trace-node/node_modules/@opentelemetry/core": {
      "version": "1.30.1",
      "resolved": "https://registry.npmjs.org/@opentelemetry/core/-/core-1.30.1.tgz",
      "integrity": "sha512-OOCM2C/QIURhJMuKaekP3TRBxBKxG/TWWA0TL2J6nXUtDnuCtccy49LUJF8xPFXMX+0LMcxFpCo8M9cGY1W6rQ==",
      "license": "Apache-2.0",
      "dependencies": {
        "@opentelemetry/semantic-conventions": "1.28.0"
      },
      "engines": {
        "node": ">=14"
      },
      "peerDependencies": {
        "@opentelemetry/api": ">=1.0.0 <1.10.0"
      }
    },
    "node_modules/@opentelemetry/sdk-trace-node/node_modules/@opentelemetry/semantic-conventions": {
      "version": "1.28.0",
      "resolved": "https://registry.npmjs.org/@opentelemetry/semantic-conventions/-/semantic-conventions-1.28.0.tgz",
      "integrity": "sha512-lp4qAiMTD4sNWW4DbKLBkfiMZ4jbAboJIGOQr5DvciMRI494OapieI9qiODpOt0XBr1LjIDy1xAGAnVs5supTA==",
      "license": "Apache-2.0",
      "engines": {
        "node": ">=14"
      }
    },
    "node_modules/@opentelemetry/semantic-conventions": {
      "version": "1.14.0",
      "resolved": "https://registry.npmjs.org/@opentelemetry/semantic-conventions/-/semantic-conventions-1.14.0.tgz",
      "integrity": "sha512-rJfCY8rCWz3cb4KI6pEofnytvMPuj3YLQwoscCCYZ5DkdiPjo15IQ0US7+mjcWy9H3fcZIzf2pbJZ7ck/h4tug==",
      "license": "Apache-2.0",
      "engines": {
        "node": ">=14"
      }
    },
    "node_modules/@rilavo/sdk": {
      "resolved": "../rilavo-ts",
      "link": true
    },
    "node_modules/@swc/helpers": {
      "version": "0.5.23",
      "license": "Apache-2.0",
      "peer": true,
      "dependencies": {
        "tslib": "^2.8.0"
      }
    },
    "node_modules/@types/node": {
      "version": "26.3.0",
      "dev": true,
      "license": "MIT",
      "dependencies": {
        "undici-types": "~8.3.0"
      }
    },
    "node_modules/@types/shimmer": {
      "version": "1.2.0",
      "resolved": "https://registry.npmjs.org/@types/shimmer/-/shimmer-1.2.0.tgz",
      "integrity": "sha512-UE7oxhQLLd9gub6JKIAhDq06T0F6FnztwMNRvYgjeQSBeMc1ZG/tA47EwfduvkuQS8apbkM/lpLpWsaCeYsXVg==",
      "license": "MIT"
    },
    "node_modules/@typescript/typescript-linux-x64": {
      "version": "7.0.2",
      "cpu": [
        "x64"
      ],
      "dev": true,
      "license": "Apache-2.0",
      "optional": true,
      "os": [
        "linux"
      ],
      "engines": {
        "node": ">=16.20.0"
      }
    },
    "node_modules/acorn": {
      "version": "8.18.0",
      "resolved": "https://registry.npmjs.org/acorn/-/acorn-8.18.0.tgz",
      "integrity": "sha512-lGq+9yr1/GuAWaVYIHRjvvySG5/4VfKIvC8EWxStPdcDh/Ka7FG3twP6v4d5BkravUilhIAsG4Qj83t02LWUPQ==",
      "license": "MIT",
      "bin": {
        "acorn": "bin/acorn"
      },
      "engines": {
        "node": ">=0.4.0"
      }
    },
    "node_modules/acorn-import-assertions": {
      "version": "1.9.0",
      "resolved": "https://registry.npmjs.org/acorn-import-assertions/-/acorn-import-assertions-1.9.0.tgz",
      "integrity": "sha512-cmMwop9x+8KFhxvKrKfPYmN6/pKTYYHBqLa0DfvVZcKMJWNyWLnaqND7dx/qn66R7ewM1UX5XMaDVP5wlVTaVA==",
      "deprecated": "package has been renamed to acorn-import-attributes",
      "license": "MIT",
      "peerDependencies": {
        "acorn": "^8"
      }
    },
    "node_modules/baseline-browser-mapping": {
      "version": "2.11.19",
      "license": "Apache-2.0",
      "peer": true,
      "bin": {
        "baseline-browser-mapping": "dist/cli.cjs"
      },
      "engines": {
        "node": ">=6.0.0"
      }
    },
    "node_modules/caniuse-lite": {
      "version": "1.0.30001810",
      "funding": [
        {
          "type": "opencollective",
          "url": "https://opencollective.com/browserslist"
        },
        {
          "type": "tidelift",
          "url": "https://tidelift.com/funding/github/npm/caniuse-lite"
        },
        {
          "type": "github",
          "url": "https://github.com/sponsors/ai"
        }
      ],
      "license": "CC-BY-4.0",
      "peer": true
    },
    "node_modules/cjs-module-lexer": {
      "version": "1.4.3",
      "resolved": "https://registry.npmjs.org/cjs-module-lexer/-/cjs-module-lexer-1.4.3.tgz",
      "integrity": "sha512-9z8TZaGM1pfswYeXrUpzPrkx8UnWYdhJclsiYMm6x/w5+nN+8Tf/LnAgfLGQCm59qAOxU8WwHEq2vNwF6i4j+Q==",
      "license": "MIT"
    },
    "node_modules/client-only": {
      "version": "0.0.1",
      "license": "MIT",
      "peer": true
    },
    "node_modules/debug": {
      "version": "4.4.3",
      "resolved": "https://registry.npmjs.org/debug/-/debug-4.4.3.tgz",
      "integrity": "sha512-RGwwWnwQvkVfavKVt22FGLw+xYSdzARwm0ru6DhTVA3umU5hZc28V3kO4stgYryrTlLpuvgI9GiijltAjNbcqA==",
      "license": "MIT",
      "dependencies": {
        "ms": "^2.1.3"
      },
      "engines": {
        "node": ">=6.0"
      },
      "peerDependenciesMeta": {
        "supports-color": {
          "optional": true
        }
      }
    },
    "node_modules/detect-libc": {
      "version": "2.1.2",
      "license": "Apache-2.0",
      "optional": true,
      "peer": true,
      "engines": {
        "node": ">=8"
      }
    },
    "node_modules/es-errors": {
      "version": "1.3.0",
      "resolved": "https://registry.npmjs.org/es-errors/-/es-errors-1.3.0.tgz",
      "integrity": "sha512-Zf5H2Kxt2xjTvbJvP2ZWLEICxA6j+hAmMzIlypy4xcBg1vKVnx89Wy0GbS+kf5cwCVFFzdCFh2XSCFNULS6csw==",
      "license": "MIT",
      "engines": {
        "node": ">= 0.4"
      }
    },
    "node_modules/function-bind": {
      "version": "1.1.2",
      "resolved": "https://registry.npmjs.org/function-bind/-/function-bind-1.1.2.tgz",
      "integrity": "sha512-7XHNxH7qX9xG5mIwxkhumTox/MIRNcOgDrxWsMt2pAr23WHp6MrRlN7FBSFpCpr+oVO0F744iUgR82nJMfG2SA==",
      "license": "MIT",
      "funding": {
        "url": "https://github.com/sponsors/ljharb"
      }
    },
    "node_modules/hasown": {
      "version": "2.0.4",
      "resolved": "https://registry.npmjs.org/hasown/-/hasown-2.0.4.tgz",
      "integrity": "sha512-T2UbfbBEF32wiepXIsMlTW9+dDYC6wMh/t/vYA4tuOMKqWz/n3vr1NFSxQiyP+zk2mXsoMA/i/7qV6LKut1t1A==",
      "license": "MIT",
      "dependencies": {
        "function-bind": "^1.1.2"
      },
      "engines": {
        "node": ">= 0.4"
      }
    },
    "node_modules/import-in-the-middle": {
      "version": "1.4.2",
      "resolved": "https://registry.npmjs.org/import-in-the-middle/-/import-in-the-middle-1.4.2.tgz",
      "integrity": "sha512-9WOz1Yh/cvO/p69sxRmhyQwrIGGSp7EIdcb+fFNVi7CzQGQB8U1/1XrKVSbEd/GNOAeM0peJtmi7+qphe7NvAw==",
      "license": "Apache-2.0",
      "dependencies": {
        "acorn": "^8.8.2",
        "acorn-import-assertions": "^1.9.0",
        "cjs-module-lexer": "^1.2.2",
        "module-details-from-path": "^1.0.3"
      }
    },
    "node_modules/is-core-module": {
      "version": "2.17.0",
      "resolved": "https://registry.npmjs.org/is-core-module/-/is-core-module-2.17.0.tgz",
      "integrity": "sha512-J/vG0zBCbIKOQFfufSwyXdMrsohyJIUNkrnmo6WZGzoM7tr/lsbfW5b2BvisL6zsyMzK9UxV9L6c7AoFbyXHOA==",
      "license": "MIT",
      "dependencies": {
        "hasown": "^2.0.4"
      },
      "engines": {
        "node": ">= 0.4"
      },
      "funding": {
        "url": "https://github.com/sponsors/ljharb"
      }
    },
    "node_modules/lodash.merge": {
      "version": "4.6.2",
      "resolved": "https://registry.npmjs.org/lodash.merge/-/lodash.merge-4.6.2.tgz",
      "integrity": "sha512-0KpjqXRVvrYyCsX1swR/XTK0va6VQkQM6MNo7PqW77ByjAhoARA8EfrP1N4+KlKj8YS0ZUCtRT/YUuhyYDujIQ==",
      "license": "MIT"
    },
    "node_modules/module-details-from-path": {
      "version": "1.0.4",
      "resolved": "https://registry.npmjs.org/module-details-from-path/-/module-details-from-path-1.0.4.tgz",
      "integrity": "sha512-EGWKgxALGMgzvxYF1UyGTy0HXX/2vHLkw6+NvDKW2jypWbHpjQuj4UMcqQWXHERJhVGKikolT06G3bcKe4fi7w==",
      "license": "MIT"
    },
    "node_modules/ms": {
      "version": "2.1.3",
      "resolved": "https://registry.npmjs.org/ms/-/ms-2.1.3.tgz",
      "integrity": "sha512-6FlzubTLZG3J2a/NVCAleEhjzq5oxgHyaCU9yYXvcLsvoVaHJq/s5xXI6/XXP6tz7R9xAOtHnSO/tXtF3WRTlA==",
      "license": "MIT"
    },
    "node_modules/nanoid": {
      "version": "3.3.18",
      "funding": [
        {
          "type": "github",
          "url": "https://github.com/sponsors/ai"
        }
      ],
      "license": "MIT",
      "peer": true,
      "bin": {
        "nanoid": "bin/nanoid.cjs"
      },
      "engines": {
        "node": "^10 || ^12 || ^13.7 || ^14 || >=15.0.1"
      }
    },
    "node_modules/next": {
      "version": "16.3.2",
      "license": "MIT",
      "peer": true,
      "dependencies": {
        "@next/env": "16.3.2",
        "@swc/helpers": "0.5.23",
        "baseline-browser-mapping": "^2.9.19",
        "caniuse-lite": "^1.0.30001579",
        "postcss": "8.5.23",
        "styled-jsx": "5.1.6"
      },
      "bin": {
        "next": "dist/bin/next"
      },
      "engines": {
        "node": ">=20.9.0"
      },
      "optionalDependencies": {
        "@next/swc-darwin-arm64": "16.3.2",
        "@next/swc-darwin-x64": "16.3.2",
        "@next/swc-linux-arm64-gnu": "16.3.2",
        "@next/swc-linux-arm64-musl": "16.3.2",
        "@next/swc-linux-x64-gnu": "16.3.2",
        "@next/swc-linux-x64-musl": "16.3.2",
        "@next/swc-win32-arm64-msvc": "16.3.2",
        "@next/swc-win32-x64-msvc": "16.3.2",
        "sharp": "^0.35.3"
      },
      "peerDependencies": {
        "@opentelemetry/api": "^1.1.0",
        "@playwright/test": "^1.51.1",
        "babel-plugin-react-compiler": "*",
        "react": "^18.2.0 || 19.0.0-rc-de68d2f4-20241204 || ^19.0.0",
        "react-dom": "^18.2.0 || 19.0.0-rc-de68d2f4-20241204 || ^19.0.0",
        "sass": "^1.3.0"
      },
      "peerDependenciesMeta": {
        "@opentelemetry/api": {
          "optional": true
        },
        "@playwright/test": {
          "optional": true
        },
        "babel-plugin-react-compiler": {
          "optional": true
        },
        "sass": {
          "optional": true
        }
      }
    },
    "node_modules/path-parse": {
      "version": "1.0.7",
      "resolved": "https://registry.npmjs.org/path-parse/-/path-parse-1.0.7.tgz",
      "integrity": "sha512-LDJzPVEEEPR+y48z93A0Ed0yXb8pAByGWo/k5YYdYgpY2/2EsOsksJrq7lOHxryrVOn1ejG6oAp8ahvOIQD8sw==",
      "license": "MIT"
    },
    "node_modules/picocolors": {
      "version": "1.1.1",
      "license": "ISC",
      "peer": true
    },
    "node_modules/postcss": {
      "version": "8.5.23",
      "funding": [
        {
          "type": "opencollective",
          "url": "https://opencollective.com/postcss/"
        },
        {
          "type": "tidelift",
          "url": "https://tidelift.com/funding/github/npm/postcss"
        },
        {
          "type": "github",
          "url": "https://github.com/sponsors/ai"
        }
      ],
      "license": "MIT",
      "peer": true,
      "dependencies": {
        "nanoid": "^3.3.16",
        "picocolors": "^1.1.1",
        "source-map-js": "^1.2.1"
      },
      "engines": {
        "node": "^10 || ^12 || >=14"
      }
    },
    "node_modules/react": {
      "version": "19.2.8",
      "license": "MIT",
      "peer": true,
      "engines": {
        "node": ">=0.10.0"
      }
    },
    "node_modules/react-dom": {
      "version": "19.2.8",
      "license": "MIT",
      "peer": true,
      "dependencies": {
        "scheduler": "^0.27.0"
      },
      "peerDependencies": {
        "react": "^19.2.8"
      }
    },
    "node_modules/require-in-the-middle": {
      "version": "7.5.2",
      "resolved": "https://registry.npmjs.org/require-in-the-middle/-/require-in-the-middle-7.5.2.tgz",
      "integrity": "sha512-gAZ+kLqBdHarXB64XpAe2VCjB7rIRv+mU8tfRWziHRJ5umKsIHN2tLLv6EtMw7WCdP19S0ERVMldNvxYCHnhSQ==",
      "license": "MIT",
      "dependencies": {
        "debug": "^4.3.5",
        "module-details-from-path": "^1.0.3",
        "resolve": "^1.22.8"
      },
      "engines": {
        "node": ">=8.6.0"
      }
    },
    "node_modules/resolve": {
      "version": "1.22.12",
      "resolved": "https://registry.npmjs.org/resolve/-/resolve-1.22.12.tgz",
      "integrity": "sha512-TyeJ1zif53BPfHootBGwPRYT1RUt6oGWsaQr8UyZW/eAm9bKoijtvruSDEmZHm92CwS9nj7/fWttqPCgzep8CA==",
      "license": "MIT",
      "dependencies": {
        "es-errors": "^1.3.0",
        "is-core-module": "^2.16.1",
        "path-parse": "^1.0.7",
        "supports-preserve-symlinks-flag": "^1.0.0"
      },
      "bin": {
        "resolve": "bin/resolve"
      },
      "engines": {
        "node": ">= 0.4"
      },
      "funding": {
        "url": "https://github.com/sponsors/ljharb"
      }
    },
    "node_modules/scheduler": {
      "version": "0.27.0",
      "license": "MIT",
      "peer": true
    },
    "node_modules/semver": {
      "version": "7.8.5",
      "license": "ISC",
      "bin": {
        "semver": "bin/semver.js"
      },
      "engines": {
        "node": ">=10"
      }
    },
    "node_modules/sharp": {
      "version": "0.35.3",
      "license": "Apache-2.0",
      "optional": true,
      "peer": true,
      "dependencies": {
        "@img/colour": "^1.1.0",
        "detect-libc": "^2.1.2",
        "semver": "^7.8.5"
      },
      "engines": {
        "node": ">=20.9.0"
      },
      "funding": {
        "url": "https://opencollective.com/libvips"
      },
      "optionalDependencies": {
        "@img/sharp-darwin-arm64": "0.35.3",
        "@img/sharp-darwin-x64": "0.35.3",
        "@img/sharp-freebsd-wasm32": "0.35.3",
        "@img/sharp-libvips-darwin-arm64": "1.3.2",
        "@img/sharp-libvips-darwin-x64": "1.3.2",
        "@img/sharp-libvips-linux-arm": "1.3.2",
        "@img/sharp-libvips-linux-arm64": "1.3.2",
        "@img/sharp-libvips-linux-ppc64": "1.3.2",
        "@img/sharp-libvips-linux-riscv64": "1.3.2",
        "@img/sharp-libvips-linux-s390x": "1.3.2",
        "@img/sharp-libvips-linux-x64": "1.3.2",
        "@img/sharp-libvips-linuxmusl-arm64": "1.3.2",
        "@img/sharp-libvips-linuxmusl-x64": "1.3.2",
        "@img/sharp-linux-arm": "0.35.3",
        "@img/sharp-linux-arm64": "0.35.3",
        "@img/sharp-linux-ppc64": "0.35.3",
        "@img/sharp-linux-riscv64": "0.35.3",
        "@img/sharp-linux-s390x": "0.35.3",
        "@img/sharp-linux-x64": "0.35.3",
        "@img/sharp-linuxmusl-arm64": "0.35.3",
        "@img/sharp-linuxmusl-x64": "0.35.3",
        "@img/sharp-webcontainers-wasm32": "0.35.3",
        "@img/sharp-win32-arm64": "0.35.3",
        "@img/sharp-win32-ia32": "0.35.3",
        "@img/sharp-win32-x64": "0.35.3"
      },
      "peerDependenciesMeta": {
        "@types/node": {
          "optional": true
        }
      }
    },
    "node_modules/shimmer": {
      "version": "1.2.1",
      "resolved": "https://registry.npmjs.org/shimmer/-/shimmer-1.2.1.tgz",
      "integrity": "sha512-sQTKC1Re/rM6XyFM6fIAGHRPVGvyXfgzIDvzoq608vM+jeyVD0Tu1E6Np0Kc2zAIFWIj963V2800iF/9LPieQw==",
      "license": "BSD-2-Clause"
    },
    "node_modules/source-map-js": {
      "version": "1.2.1",
      "license": "BSD-3-Clause",
      "peer": true,
      "engines": {
        "node": ">=0.10.0"
      }
    },
    "node_modules/styled-jsx": {
      "version": "5.1.6",
      "license": "MIT",
      "peer": true,
      "dependencies": {
        "client-only": "0.0.1"
      },
      "engines": {
        "node": ">= 12.0.0"
      },
      "peerDependencies": {
        "react": ">= 16.8.0 || 17.x.x || ^18.0.0-0 || ^19.0.0-0"
      },
      "peerDependenciesMeta": {
        "@babel/core": {
          "optional": true
        },
        "babel-plugin-macros": {
          "optional": true
        }
      }
    },
    "node_modules/supports-preserve-symlinks-flag": {
      "version": "1.0.0",
      "resolved": "https://registry.npmjs.org/supports-preserve-symlinks-flag/-/supports-preserve-symlinks-flag-1.0.0.tgz",
      "integrity": "sha512-ot0WnXS9fgdkgIcePe6RHNk1WA8+muPa6cSjeR3V8K27q9BB1rTE3R1p7Hv0z1ZyAc8s6Vvv8DIyWf681MAt0w==",
      "license": "MIT",
      "engines": {
        "node": ">= 0.4"
      },
      "funding": {
        "url": "https://github.com/sponsors/ljharb"
      }
    },
    "node_modules/tslib": {
      "version": "2.8.1",
      "license": "0BSD",
      "peer": true
    },
    "node_modules/typescript": {
      "version": "7.0.2",
      "dev": true,
      "license": "Apache-2.0",
      "bin": {
        "tsc": "bin/tsc"
      },
      "engines": {
        "node": ">=16.20.0"
      },
      "optionalDependencies": {
        "@typescript/typescript-aix-ppc64": "7.0.2",
        "@typescript/typescript-darwin-arm64": "7.0.2",
        "@typescript/typescript-darwin-x64": "7.0.2",
        "@typescript/typescript-freebsd-arm64": "7.0.2",
        "@typescript/typescript-freebsd-x64": "7.0.2",
        "@typescript/typescript-linux-arm": "7.0.2",
        "@typescript/typescript-linux-arm64": "7.0.2",
        "@typescript/typescript-linux-loong64": "7.0.2",
        "@typescript/typescript-linux-mips64el": "7.0.2",
        "@typescript/typescript-linux-ppc64": "7.0.2",
        "@typescript/typescript-linux-riscv64": "7.0.2",
        "@typescript/typescript-linux-s390x": "7.0.2",
        "@typescript/typescript-linux-x64": "7.0.2",
        "@typescript/typescript-netbsd-arm64": "7.0.2",
        "@typescript/typescript-netbsd-x64": "7.0.2",
        "@typescript/typescript-openbsd-arm64": "7.0.2",
        "@typescript/typescript-openbsd-x64": "7.0.2",
        "@typescript/typescript-sunos-x64": "7.0.2",
        "@typescript/typescript-win32-arm64": "7.0.2",
        "@typescript/typescript-win32-x64": "7.0.2"
      }
    },
    "node_modules/undici-types": {
      "version": "8.3.0",
      "dev": true,
      "license": "MIT"
    }
  }
}
